// !$*UTF8*$!
{
	archiveVersion = 1;
	classes = {
	};
	objectVersion = 77;
	objects = {

/* Begin PBXContainerItemProxy section */
		5746379D2D8262A100C902B6 /* PBXContainerItemProxy */ = {
			isa = PBXContainerItemProxy;
			containerPortal = 574637842D82629C00C902B6 /* Project object */;
			proxyType = 1;
			remoteGlobalIDString = 5746378B2D82629C00C902B6;
			remoteInfo = BedtimeStories;
		};
		574637A72D8262A100C902B6 /* PBXContainerItemProxy */ = {
			isa = PBXContainerItemProxy;
			containerPortal = 574637842D82629C00C902B6 /* Project object */;
			proxyType = 1;
			remoteGlobalIDString = 5746378B2D82629C00C902B6;
			remoteInfo = BedtimeStories;
		};
/* End PBXContainerItemProxy section */

/* Begin PBXFileReference section */
		5746378C2D82629C00C902B6 /* BedtimeStories.app */ = {isa = PBXFileReference; explicitFileType = wrapper.application; includeInIndex = 0; path = BedtimeStories.app; sourceTree = BUILT_PRODUCTS_DIR; };
		5746379C2D8262A100C902B6 /* BedtimeStoriesTests.xctest */ = {isa = PBXFileReference; explicitFileType = wrapper.cfbundle; includeInIndex = 0; path = BedtimeStoriesTests.xctest; sourceTree = BUILT_PRODUCTS_DIR; };
		574637A62D8262A100C902B6 /* BedtimeStoriesUITests.xctest */ = {isa = PBXFileReference; explicitFileType = wrapper.cfbundle; includeInIndex = 0; path = BedtimeStoriesUITests.xctest; sourceTree = BUILT_PRODUCTS_DIR; };
/* End PBXFileReference section */

/* Begin PBXFileSystemSynchronizedRootGroup section */
		5746378E2D82629C00C902B6 /* BedtimeStories */ = {
			isa = PBXFileSystemSynchronizedRootGroup;
			path = BedtimeStories;
			sourceTree = "<group>";
		};
		5746379F2D8262A100C902B6 /* BedtimeStoriesTests */ = {
			isa = PBXFileSystemSynchronizedRootGroup;
			path = BedtimeStoriesTests;
			sourceTree = "<group>";
		};
		574637A92D8262A100C902B6 /* BedtimeStoriesUITests */ = {
			isa = PBXFileSystemSynchronizedRootGroup;
			path = BedtimeStoriesUITests;
			sourceTree = "<group>";
		};
/* End PBXFileSystemSynchronizedRootGroup section */

/* Begin PBXFrameworksBuildPhase section */
		574637892D82629C00C902B6 /* Frameworks */ = {
			isa = PBXFrameworksBuildPhase;
			buildActionMask = 2147483647;
			files = (
			);
			runOnlyForDeploymentPostprocessing = 0;
		};
		574637992D8262A100C902B6 /* Frameworks */ = {
			isa = PBXFrameworksBuildPhase;
			buildActionMask = 2147483647;
			files = (
			);
			runOnlyForDeploymentPostprocessing = 0;
		};
		574637A32D8262A100C902B6 /* Frameworks */ = {
			isa = PBXFrameworksBuildPhase;
			buildActionMask = 2147483647;
			files = (
			);
			runOnlyForDeploymentPostprocessing = 0;
		};
/* End PBXFrameworksBuildPhase section */

/* Begin PBXGroup section */
		574637832D82629C00C902B6 = {
			isa = PBXGroup;
			children = (
				5746378E2D82629C00C902B6 /* BedtimeStories */,
				5746379F2D8262A100C902B6 /* BedtimeStoriesTests */,
				574637A92D8262A100C902B6 /* BedtimeStoriesUITests */,
				5746378D2D82629C00C902B6 /* Products */,
			);
			sourceTree = "<group>";
		};
		5746378D2D82629C00C902B6 /* Products */ = {
			isa = PBXGroup;
			children = (
				5746378C2D82629C00C902B6 /* BedtimeStories.app */,
				5746379C2D8262A100C902B6 /* BedtimeStoriesTests.xctest */,
				574637A62D8262A100C902B6 /* BedtimeStoriesUITests.xctest */,
			);
			name = Products;
			sourceTree = "<group>";
		};
/* End PBXGroup section */

/* Begin PBXNativeTarget section */
		5746378B2D82629C00C902B6 /* BedtimeStories */ = {
			isa = PBXNativeTarget;
			buildConfigurationList = 574637B02D8262A100C902B6 /* Build configuration list for PBXNativeTarget "BedtimeStories" */;
			buildPhases = (
				574637882D82629C00C902B6 /* Sources */,
				574637892D82629C00C902B6 /* Frameworks */,
				5746378A2D82629C00C902B6 /* Resources */,
			);
			buildRules = (
			);
			dependencies = (
			);
			fileSystemSynchronizedGroups = (
				5746378E2D82629C00C902B6 /* BedtimeStories */,
			);
			name = BedtimeStories;
			packageProductDependencies = (
			);
			productName = BedtimeStories;
			productReference = 5746378C2D82629C00C902B6 /* BedtimeStories.app */;
			productType = "com.apple.product-type.application";
		};
		5746379B2D8262A100C902B6 /* BedtimeStoriesTests */ = {
			isa = PBXNativeTarget;
			buildConfigurationList = 574637B32D8262A100C902B6 /* Build configuration list for PBXNativeTarget "BedtimeStoriesTests" */;
			buildPhases = (
				574637982D8262A100C902B6 /* Sources */,
				574637992D8262A100C902B6 /* Frameworks */,
				5746379A2D8262A100C902B6 /* Resources */,
			);
			buildRules = (
			);
			dependencies = (
				5746379E2D8262A100C902B6 /* PBXTargetDependency */,
			);
			fileSystemSynchronizedGroups = (
				5746379F2D8262A100C902B6 /* BedtimeStoriesTests */,
			);
			name = BedtimeStoriesTests;
			packageProductDependencies = (
			);
			productName = BedtimeStoriesTests;
			productReference = 5746379C2D8262A100C902B6 /* BedtimeStoriesTests.xctest */;
			productType = "com.apple.product-type.bundle.unit-test";
		};
		574637A52D8262A100C902B6 /* BedtimeStoriesUITests */ = {
			isa = PBXNativeTarget;
			buildConfigurationList = 574637B62D8262A100C902B6 /* Build configuration list for PBXNativeTarget "BedtimeStoriesUITests" */;
			buildPhases = (
				574637A22D8262A100C902B6 /* Sources */,
				574637A32D8262A100C902B6 /* Frameworks */,
				574637A42D8262A100C902B6 /* Resources */,
			);
			buildRules = (
			);
			dependencies = (
				574637A82D8262A100C902B6 /* PBXTargetDependency */,
			);
			fileSystemSynchronizedGroups = (
				574637A92D8262A100C902B6 /* BedtimeStoriesUITests */,
			);
			name = BedtimeStoriesUITests;
			packageProductDependencies = (
			);
			productName = BedtimeStoriesUITests;
			productReference = 574637A62D8262A100C902B6 /* BedtimeStoriesUITests.xctest */;
			productType = "com.apple.product-type.bundle.ui-testing";
		};
/* End PBXNativeTarget section */

/* Begin PBXProject section */
		574637842D82629C00C902B6 /* Project object */ = {
			isa = PBXProject;
			attributes = {
				BuildIndependentTargetsInParallel = 1;
				LastSwiftUpdateCheck = 1620;
				LastUpgradeCheck = 1620;
				TargetAttributes = {
					5746378B2D82629C00C902B6 = {
						CreatedOnToolsVersion = 16.2;
					};
					5746379B2D8262A100C902B6 = {
						CreatedOnToolsVersion = 16.2;
						TestTargetID = 5746378B2D82629C00C902B6;
					};
					574637A52D8262A100C902B6 = {
						CreatedOnToolsVersion = 16.2;
						TestTargetID = 5746378B2D82629C00C902B6;
					};
				};
			};
			buildConfigurationList = 574637872D82629C00C902B6 /* Build configuration list for PBXProject "BedtimeStories" */;
			developmentRegion = en;
			hasScannedForEncodings = 0;
			knownRegions = (
				en,
				Base,
			);
			mainGroup = 574637832D82629C00C902B6;
			minimizedProjectReferenceProxies = 1;
			preferredProjectObjectVersion = 77;
			productRefGroup = 5746378D2D82629C00C902B6 /* Products */;
			projectDirPath = "";
			projectRoot = "";
			targets = (
				5746378B2D82629C00C902B6 /* BedtimeStories */,
				5746379B2D8262A100C902B6 /* BedtimeStoriesTests */,
				574637A52D8262A100C902B6 /* BedtimeStoriesUITests */,
			);
		};
/* End PBXProject section */

/* Begin PBXResourcesBuildPhase section */
		5746378A2D82629C00C902B6 /* Resources */ = {
			isa = PBXResourcesBuildPhase;
			buildActionMask = 2147483647;
			files = (
			);
			runOnlyForDeploymentPostprocessing = 0;
		};
		5746379A2D8262A100C902B6 /* Resources */ = {
			isa = PBXResourcesBuildPhase;
			buildActionMask = 2147483647;
			files = (
			);
			runOnlyForDeploymentPostprocessing = 0;
		};
		574637A42D8262A100C902B6 /* Resources */ = {
			isa = PBXResourcesBuildPhase;
			buildActionMask = 2147483647;
			files = (
			);
			runOnlyForDeploymentPostprocessing = 0;
		};
/* End PBXResourcesBuildPhase section */

/* Begin PBXSourcesBuildPhase section */
		574637882D82629C00C902B6 /* Sources */ = {
			isa = PBXSourcesBuildPhase;
			buildActionMask = 2147483647;
			files = (
			);
			runOnlyForDeploymentPostprocessing = 0;
		};
		574637982D8262A100C902B6 /* Sources */ = {
			isa = PBXSourcesBuildPhase;
			buildActionMask = 2147483647;
			files = (
			);
			runOnlyForDeploymentPostprocessing = 0;
		};
		574637A22D8262A100C902B6 /* Sources */ = {
			isa = PBXSourcesBuildPhase;
			buildActionMask = 2147483647;
			files = (
			);
			runOnlyForDeploymentPostprocessing = 0;
		};
/* End PBXSourcesBuildPhase section */

/* Begin PBXTargetDependency section */
		5746379E2D8262A100C902B6 /* PBXTargetDependency */ = {
			isa = PBXTargetDependency;
			target = 5746378B2D82629C00C902B6 /* BedtimeStories */;
			targetProxy = 5746379D2D8262A100C902B6 /* PBXContainerItemProxy */;
		};
		574637A82D8262A100C902B6 /* PBXTargetDependency */ = {
			isa = PBXTargetDependency;
			target = 5746378B2D82629C00C902B6 /* BedtimeStories */;
			targetProxy = 574637A72D8262A100C902B6 /* PBXContainerItemProxy */;
		};
/* End PBXTargetDependency section */

/* Begin XCBuildConfiguration section */
		574637AE2D8262A100C902B6 /* Debug */ = {
			isa = XCBuildConfiguration;
			buildSettings = {
				ALWAYS_SEARCH_USER_PATHS = NO;
				ASSETCATALOG_COMPILER_GENERATE_SWIFT_ASSET_SYMBOL_EXTENSIONS = YES;
				CLANG_ANALYZER_NONNULL = YES;
				CLANG_ANALYZER_NUMBER_OBJECT_CONVERSION = YES_AGGRESSIVE;
				CLANG_CXX_LANGUAGE_STANDARD = "gnu++20";
				CLANG_ENABLE_MODULES = YES;
				CLANG_ENABLE_OBJC_ARC = YES;
				CLANG_ENABLE_OBJC_WEAK = YES;
				CLANG_WARN_BLOCK_CAPTURE_AUTORELEASING = YES;
				CLANG_WARN_BOOL_CONVERSION = YES;
				CLANG_WARN_COMMA = YES;
				CLANG_WARN_CONSTANT_CONVERSION = YES;
				CLANG_WARN_DEPRECATED_OBJC_IMPLEMENTATIONS = YES;
				CLANG_WARN_DIRECT_OBJC_ISA_USAGE = YES_ERROR;
				CLANG_WARN_DOCUMENTATION_COMMENTS = YES;
				CLANG_WARN_EMPTY_BODY = YES;
				CLANG_WARN_ENUM_CONVERSION = YES;
				CLANG_WARN_INFINITE_RECURSION = YES;
				CLANG_WARN_INT_CONVERSION = YES;
				CLANG_WARN_NON_LITERAL_NULL_CONVERSION = YES;
				CLANG_WARN_OBJC_IMPLICIT_RETAIN_SELF = YES;
				CLANG_WARN_OBJC_LITERAL_CONVERSION = YES;
				CLANG_WARN_OBJC_ROOT_CLASS = YES_ERROR;
				CLANG_WARN_QUOTED_INCLUDE_IN_FRAMEWORK_HEADER = YES;
				CLANG_WARN_RANGE_LOOP_ANALYSIS = YES;
				CLANG_WARN_STRICT_PROTOTYPES = YES;
				CLANG_WARN_SUSPICIOUS_MOVE = YES;
				CLANG_WARN_UNGUARDED_AVAILABILITY = YES_AGGRESSIVE;
				CLANG_WARN_UNREACHABLE_CODE = YES;
				CLANG_WARN__DUPLICATE_METHOD_MATCH = YES;
				COPY_PHASE_STRIP = NO;
				DEBUG_INFORMATION_FORMAT = dwarf;
				ENABLE_STRICT_OBJC_MSGSEND = YES;
				ENABLE_TESTABILITY = YES;
				ENABLE_USER_SCRIPT_SANDBOXING = YES;
				GCC_C_LANGUAGE_STANDARD = gnu17;
				GCC_DYNAMIC_NO_PIC = NO;
				GCC_NO_COMMON_BLOCKS = YES;
				GCC_OPTIMIZATION_LEVEL = 0;
				GCC_PREPROCESSOR_DEFINITIONS = (
					"DEBUG=1",
					"$(inherited)",
				);
				GCC_WARN_64_TO_32_BIT_CONVERSION = YES;
				GCC_WARN_ABOUT_RETURN_TYPE = YES_ERROR;
				GCC_WARN_UNDECLARED_SELECTOR = YES;
				GCC_WARN_UNINITIALIZED_AUTOS = YES_AGGRESSIVE;
				GCC_WARN_UNUSED_FUNCTION = YES;
				GCC_WARN_UNUSED_VARIABLE = YES;
				IPHONEOS_DEPLOYMENT_TARGET = 18.2;
				LOCALIZATION_PREFERS_STRING_CATALOGS = YES;
				MTL_ENABLE_DEBUG_INFO = INCLUDE_SOURCE;
				MTL_FAST_MATH = YES;
				ONLY_ACTIVE_ARCH = YES;
				SDKROOT = iphoneos;
				SWIFT_ACTIVE_COMPILATION_CONDITIONS = "DEBUG $(inherited)";
				SWIFT_OPTIMIZATION_LEVEL = "-Onone";
			};
			name = Debug;
		};
		574637AF2D8262A100C902B6 /* Release */ = {
			isa = XCBuildConfiguration;
			buildSettings = {
				ALWAYS_SEARCH_USER_PATHS = NO;
				ASSETCATALOG_COMPILER_GENERATE_SWIFT_ASSET_SYMBOL_EXTENSIONS = YES;
				CLANG_ANALYZER_NONNULL = YES;
				CLANG_ANALYZER_NUMBER_OBJECT_CONVERSION = YES_AGGRESSIVE;
				CLANG_CXX_LANGUAGE_STANDARD = "gnu++20";
				CLANG_ENABLE_MODULES = YES;
				CLANG_ENABLE_OBJC_ARC = YES;
				CLANG_ENABLE_OBJC_WEAK = YES;
				CLANG_WARN_BLOCK_CAPTURE_AUTORELEASING = YES;
				CLANG_WARN_BOOL_CONVERSION = YES;
				CLANG_WARN_COMMA = YES;
				CLANG_WARN_CONSTANT_CONVERSION = YES;
				CLANG_WARN_DEPRECATED_OBJC_IMPLEMENTATIONS = YES;
				CLANG_WARN_DIRECT_OBJC_ISA_USAGE = YES_ERROR;
				CLANG_WARN_DOCUMENTATION_COMMENTS = YES;
				CLANG_WARN_EMPTY_BODY = YES;
				CLANG_WARN_ENUM_CONVERSION = YES;
				CLANG_WARN_INFINITE_RECURSION = YES;
				CLANG_WARN_INT_CONVERSION = YES;
				CLANG_WARN_NON_LITERAL_NULL_CONVERSION = YES;
				CLANG_WARN_OBJC_IMPLICIT_RETAIN_SELF = YES;
				CLANG_WARN_OBJC_LITERAL_CONVERSION = YES;
				CLANG_WARN_OBJC_ROOT_CLASS = YES_ERROR;
				CLANG_WARN_QUOTED_INCLUDE_IN_FRAMEWORK_HEADER = YES;
				CLANG_WARN_RANGE_LOOP_ANALYSIS = YES;
				CLANG_WARN_STRICT_PROTOTYPES = YES;
				CLANG_WARN_SUSPICIOUS_MOVE = YES;
				CLANG_WARN_UNGUARDED_AVAILABILITY = YES_AGGRESSIVE;
				CLANG_WARN_UNREACHABLE_CODE = YES;
				CLANG_WARN__DUPLICATE_METHOD_MATCH = YES;
				COPY_PHASE_STRIP = NO;
				DEBUG_INFORMATION_FORMAT = "dwarf-with-dsym";
				ENABLE_NS_ASSERTIONS = NO;
				ENABLE_STRICT_OBJC_MSGSEND = YES;
				ENABLE_USER_SCRIPT_SANDBOXING = YES;
				GCC_C_LANGUAGE_STANDARD = gnu17;
				GCC_NO_COMMON_BLOCKS = YES;
				GCC_WARN_64_TO_32_BIT_CONVERSION = YES;
				GCC_WARN_ABOUT_RETURN_TYPE = YES_ERROR;
				GCC_WARN_UNDECLARED_SELECTOR = YES;
				GCC_WARN_UNINITIALIZED_AUTOS = YES_AGGRESSIVE;
				GCC_WARN_UNUSED_FUNCTION = YES;
				GCC_WARN_UNUSED_VARIABLE = YES;
				IPHONEOS_DEPLOYMENT_TARGET = 18.2;
				LOCALIZATION_PREFERS_STRING_CATALOGS = YES;
				MTL_ENABLE_DEBUG_INFO = NO;
				MTL_FAST_MATH = YES;
				SDKROOT = iphoneos;
				SWIFT_COMPILATION_MODE = wholemodule;
				VALIDATE_PRODUCT = YES;
			};
			name = Release;
		};
		574637B12D8262A100C902B6 /* Debug */ = {
			isa = XCBuildConfiguration;
			buildSettings = {
				ASSETCATALOG_COMPILER_APPICON_NAME = AppIcon;
				ASSETCATALOG_COMPILER_GLOBAL_ACCENT_COLOR_NAME = AccentColor;
				CODE_SIGN_STYLE = Automatic;
				CURRENT_PROJECT_VERSION = 1;
				DEVELOPMENT_ASSET_PATHS = "\"BedtimeStories/Preview Content\"";
				ENABLE_PREVIEWS = YES;
				GENERATE_INFOPLIST_FILE = YES;
				INFOPLIST_KEY_UIApplicationSceneManifest_Generation = YES;
				INFOPLIST_KEY_UIApplicationSupportsIndirectInputEvents = YES;
				INFOPLIST_KEY_UILaunchScreen_Generation = YES;
				INFOPLIST_KEY_UISupportedInterfaceOrientations_iPad = "UIInterfaceOrientationPortrait UIInterfaceOrientationPortraitUpsideDown UIInterfaceOrientationLandscapeLeft UIInterfaceOrientationLandscapeRight";
				INFOPLIST_KEY_UISupportedInterfaceOrientations_iPhone = "UIInterfaceOrientationPortrait UIInterfaceOrientationLandscapeLeft UIInterfaceOrientationLandscapeRight";
				LD_RUNPATH_SEARCH_PATHS = (
					"$(inherited)",
					"@executable_path/Frameworks",
				);
				MARKETING_VERSION = 1.0;
				PRODUCT_BUNDLE_IDENTIFIER = ciri.BedtimeStories;
				PRODUCT_NAME = "$(TARGET_NAME)";
				SWIFT_EMIT_LOC_STRINGS = YES;
				SWIFT_VERSION = 5.0;
				TARGETED_DEVICE_FAMILY = "1,2";
			};
			name = Debug;
		};
		574637B22D8262A100C902B6 /* Release */ = {
			isa = XCBuildConfiguration;
			buildSettings = {
				ASSETCATALOG_COMPILER_APPICON_NAME = AppIcon;
				ASSETCATALOG_COMPILER_GLOBAL_ACCENT_COLOR_NAME = AccentColor;
				CODE_SIGN_STYLE = Automatic;
				CURRENT_PROJECT_VERSION = 1;
				DEVELOPMENT_ASSET_PATHS = "\"BedtimeStories/Preview Content\"";
				ENABLE_PREVIEWS = YES;
				GENERATE_INFOPLIST_FILE = YES;
				INFOPLIST_KEY_UIApplicationSceneManifest_Generation = YES;
				INFOPLIST_KEY_UIApplicationSupportsIndirectInputEvents = YES;
				INFOPLIST_KEY_UILaunchScreen_Generation = YES;
				INFOPLIST_KEY_UISupportedInterfaceOrientations_iPad = "UIInterfaceOrientationPortrait UIInterfaceOrientationPortraitUpsideDown UIInterfaceOrientationLandscapeLeft UIInterfaceOrientationLandscapeRight";
				INFOPLIST_KEY_UISupportedInterfaceOrientations_iPhone = "UIInterfaceOrientationPortrait UIInterfaceOrientationLandscapeLeft UIInterfaceOrientationLandscapeRight";
				LD_RUNPATH_SEARCH_PATHS = (
					"$(inherited)",
					"@executable_path/Frameworks",
				);
				MARKETING_VERSION = 1.0;
				PRODUCT_BUNDLE_IDENTIFIER = ciri.BedtimeStories;
				PRODUCT_NAME = "$(TARGET_NAME)";
				SWIFT_EMIT_LOC_STRINGS = YES;
				SWIFT_VERSION = 5.0;
				TARGETED_DEVICE_FAMILY = "1,2";
			};
			name = Release;
		};
		574637B42D8262A100C902B6 /* Debug */ = {
			isa = XCBuildConfiguration;
			buildSettings = {
				BUNDLE_LOADER = "$(TEST_HOST)";
				CODE_SIGN_STYLE = Automatic;
				CURRENT_PROJECT_VERSION = 1;
				GENERATE_INFOPLIST_FILE = YES;
				IPHONEOS_DEPLOYMENT_TARGET = 18.2;
				MARKETING_VERSION = 1.0;
				PRODUCT_BUNDLE_IDENTIFIER = ciri.BedtimeStoriesTests;
				PRODUCT_NAME = "$(TARGET_NAME)";
				SWIFT_EMIT_LOC_STRINGS = NO;
				SWIFT_VERSION = 5.0;
				TARGETED_DEVICE_FAMILY = "1,2";
				TEST_HOST = "$(BUILT_PRODUCTS_DIR)/BedtimeStories.app/$(BUNDLE_EXECUTABLE_FOLDER_PATH)/BedtimeStories";
			};
			name = Debug;
		};
		574637B52D8262A100C902B6 /* Release */ = {
			isa = XCBuildConfiguration;
			buildSettings = {
				BUNDLE_LOADER = "$(TEST_HOST)";
				CODE_SIGN_STYLE = Automatic;
				CURRENT_PROJECT_VERSION = 1;
				GENERATE_INFOPLIST_FILE = YES;
				IPHONEOS_DEPLOYMENT_TARGET = 18.2;
				MARKETING_VERSION = 1.0;
				PRODUCT_BUNDLE_IDENTIFIER = ciri.BedtimeStoriesTests;
				PRODUCT_NAME = "$(TARGET_NAME)";
				SWIFT_EMIT_LOC_STRINGS = NO;
				SWIFT_VERSION = 5.0;
				TARGETED_DEVICE_FAMILY = "1,2";
				TEST_HOST = "$(BUILT_PRODUCTS_DIR)/BedtimeStories.app/$(BUNDLE_EXECUTABLE_FOLDER_PATH)/BedtimeStories";
			};
			name = Release;
		};
		574637B72D8262A100C902B6 /* Debug */ = {
			isa = XCBuildConfiguration;
			buildSettings = {
				CODE_SIGN_STYLE = Automatic;
				CURRENT_PROJECT_VERSION = 1;
				GENERATE_INFOPLIST_FILE = YES;
				MARKETING_VERSION = 1.0;
				PRODUCT_BUNDLE_IDENTIFIER = ciri.BedtimeStoriesUITests;
				PRODUCT_NAME = "$(TARGET_NAME)";
				SWIFT_EMIT_LOC_STRINGS = NO;
				SWIFT_VERSION = 5.0;
				TARGETED_DEVICE_FAMILY = "1,2";
				TEST_TARGET_NAME = BedtimeStories;
			};
			name = Debug;
		};
		574637B82D8262A100C902B6 /* Release */ = {
			isa = XCBuildConfiguration;
			buildSettings = {
				CODE_SIGN_STYLE = Automatic;
				CURRENT_PROJECT_VERSION = 1;
				GENERATE_INFOPLIST_FILE = YES;
				MARKETING_VERSION = 1.0;
				PRODUCT_BUNDLE_IDENTIFIER = ciri.BedtimeStoriesUITests;
				PRODUCT_NAME = "$(TARGET_NAME)";
				SWIFT_EMIT_LOC_STRINGS = NO;
				SWIFT_VERSION = 5.0;
				TARGETED_DEVICE_FAMILY = "1,2";
				TEST_TARGET_NAME = BedtimeStories;
			};
			name = Release;
		};
/* End XCBuildConfiguration section */

/* Begin XCConfigurationList section */
		574637872D82629C00C902B6 /* Build configuration list for PBXProject "BedtimeStories" */ = {
			isa = XCConfigurationList;
			buildConfigurations = (
				574637AE2D8262A100C902B6 /* Debug */,
				574637AF2D8262A100C902B6 /* Release */,
			);
			defaultConfigurationIsVisible = 0;
			defaultConfigurationName = Release;
		};
		574637B02D8262A100C902B6 /* Build configuration list for PBXNativeTarget "BedtimeStories" */ = {
			isa = XCConfigurationList;
			buildConfigurations = (
				574637B12D8262A100C902B6 /* Debug */,
				574637B22D8262A100C902B6 /* Release */,
			);
			defaultConfigurationIsVisible = 0;
			defaultConfigurationName = Release;
		};
		574637B32D8262A100C902B6 /* Build configuration list for PBXNativeTarget "BedtimeStoriesTests" */ = {
			isa = XCConfigurationList;
			buildConfigurations = (
				574637B42D8262A100C902B6 /* Debug */,
				574637B52D8262A100C902B6 /* Release */,
			);
			defaultConfigurationIsVisible = 0;
			defaultConfigurationName = Release;
		};
		574637B62D8262A100C902B6 /* Build configuration list for PBXNativeTarget "BedtimeStoriesUITests" */ = {
			isa = XCConfigurationList;
			buildConfigurations = (
				574637B72D8262A100C902B6 /* Debug */,
				574637B82D8262A100C902B6 /* Release */,
			);
			defaultConfigurationIsVisible = 0;
			defaultConfigurationName = Release;
		};
/* End XCConfigurationList section */
	};
	rootObject = 574637842D82629C00C902B6 /* Project object */;
}
